
Microsoft Visual Studio Solution File, Format Version 12.00
# Visual Studio Version 17
VisualStudioVersion = 17.10.35013.160
MinimumVisualStudioVersion = 10.0.40219.1
Project("{9A19103F-16F7-4668-BE54-9A1E7A4F7556}") = "IltaWebApp", "IltaWebApp\IltaWebApp.csproj", "{F380930C-B1E7-4BEC-96AF-108B3FB1CE42}"
EndProject
Global
	GlobalSection(SolutionConfigurationPlatforms) = preSolution
		Debug|Any CPU = Debug|Any CPU
		Release|Any CPU = Release|Any CPU
	EndGlobalSection
	GlobalSection(ProjectConfigurationPlatforms) = postSolution
		{F380930C-B1E7-4BEC-96AF-108B3FB1CE42}.Debug|Any CPU.ActiveCfg = Debug|Any CPU
		{F380930C-B1E7-4BEC-96AF-108B3FB1CE42}.Debug|Any CPU.Build.0 = Debug|Any CPU
		{F380930C-B1E7-4BEC-96AF-108B3FB1CE42}.Release|Any CPU.ActiveCfg = Release|Any CPU
		{F380930C-B1E7-4BEC-96AF-108B3FB1CE42}.Release|Any CPU.Build.0 = Release|Any CPU
	EndGlobalSection
	GlobalSection(SolutionProperties) = preSolution
		HideSolutionNode = FALSE
	EndGlobalSection
	GlobalSection(ExtensibilityGlobals) = postSolution
		SolutionGuid = {44B9CC28-1CCA-42BD-AB83-36C886AE5B41}
	EndGlobalSection
EndGlobal
